
Microsoft Visual Studio Solution File, Format Version 12.00
# Visual Studio Version 16
VisualStudioVersion = 16.0.29519.87
MinimumVisualStudioVersion = 10.0.40219.1
Project("{FAE04EC0-301F-11D3-BF4B-00C04F79EFBC}") = "TheGioiLoa", "TheGioiLoa\TheGioiLoa.csproj", "{8CBFD559-E21C-4F09-B98E-3CAE4BD22A4A}"
EndProject
Global
	GlobalSection(SolutionConfigurationPlatforms) = preSolution
		Debug|Any CPU = Debug|Any CPU
		Release|Any CPU = Release|Any CPU
	EndGlobalSection
	GlobalSection(ProjectConfigurationPlatforms) = postSolution
		{8CBFD559-E21C-4F09-B98E-3CAE4BD22A4A}.Debug|Any CPU.ActiveCfg = Debug|Any CPU
		{8CBFD559-E21C-4F09-B98E-3CAE4BD22A4A}.Debug|Any CPU.Build.0 = Debug|Any CPU
		{8CBFD559-E21C-4F09-B98E-3CAE4BD22A4A}.Release|Any CPU.ActiveCfg = Release|Any CPU
		{8CBFD559-E21C-4F09-B98E-3CAE4BD22A4A}.Release|Any CPU.Build.0 = Release|Any CPU
	EndGlobalSection
	GlobalSection(SolutionProperties) = preSolution
		HideSolutionNode = FALSE
	EndGlobalSection
	GlobalSection(ExtensibilityGlobals) = postSolution
		SolutionGuid = {87F99D0E-4609-4717-884A-0A5B9325EE73}
	EndGlobalSection
EndGlobal
